
Microsoft Visual Studio Solution File, Format Version 11.00
# Visual Studio 2010
Project("{FAE04EC0-301F-11D3-BF4B-00C04F79EFBC}") = "Assembly-CSharp-firstpass", "Assembly-CSharp-firstpass.csproj", "{5f4a5523-310d-d13e-75eb-a081bfbd3ef9}"
EndProject
Project("{FAE04EC0-301F-11D3-BF4B-00C04F79EFBC}") = "Assembly-CSharp", "Assembly-CSharp.csproj", "{b7858b7a-9095-875b-6bd4-36ae45eea266}"
EndProject
Project("{FAE04EC0-301F-11D3-BF4B-00C04F79EFBC}") = "Assembly-CSharp-Editor-firstpass", "Assembly-CSharp-Editor-firstpass.csproj", "{bbb00c11-fbdf-7afb-1385-01ba134799c9}"
EndProject
Global
	GlobalSection(SolutionConfigurationPlatforms) = preSolution
		Debug|Any CPU = Debug|Any CPU
	EndGlobalSection
	GlobalSection(ProjectConfigurationPlatforms) = postSolution
		{5f4a5523-310d-d13e-75eb-a081bfbd3ef9}.Debug|Any CPU.ActiveCfg = Debug|Any CPU
		{5f4a5523-310d-d13e-75eb-a081bfbd3ef9}.Debug|Any CPU.Build.0 = Debug|Any CPU
		{b7858b7a-9095-875b-6bd4-36ae45eea266}.Debug|Any CPU.ActiveCfg = Debug|Any CPU
		{b7858b7a-9095-875b-6bd4-36ae45eea266}.Debug|Any CPU.Build.0 = Debug|Any CPU
		{bbb00c11-fbdf-7afb-1385-01ba134799c9}.Debug|Any CPU.ActiveCfg = Debug|Any CPU
		{bbb00c11-fbdf-7afb-1385-01ba134799c9}.Debug|Any CPU.Build.0 = Debug|Any CPU
	EndGlobalSection
	GlobalSection(SolutionProperties) = preSolution
		HideSolutionNode = FALSE
	EndGlobalSection
EndGlobal
